
Microsoft Visual Studio Solution File, Format Version 12.00
# Visual Studio Version 16
VisualStudioVersion = 16.0.31624.102
MinimumVisualStudioVersion = 10.0.40219.1
Project("{FAE04EC0-301F-11D3-BF4B-00C04F79EFBC}") = "Task 3", "Task 3\Task 3.csproj", "{AABBF36A-E560-4434-AB84-C3F6958A7899}"
EndProject
Global
	GlobalSection(SolutionConfigurationPlatforms) = preSolution
		Debug|Any CPU = Debug|Any CPU
		Release|Any CPU = Release|Any CPU
	EndGlobalSection
	GlobalSection(ProjectConfigurationPlatforms) = postSolution
		{AABBF36A-E560-4434-AB84-C3F6958A7899}.Debug|Any CPU.ActiveCfg = Debug|Any CPU
		{AABBF36A-E560-4434-AB84-C3F6958A7899}.Debug|Any CPU.Build.0 = Debug|Any CPU
		{AABBF36A-E560-4434-AB84-C3F6958A7899}.Release|Any CPU.ActiveCfg = Release|Any CPU
		{AABBF36A-E560-4434-AB84-C3F6958A7899}.Release|Any CPU.Build.0 = Release|Any CPU
	EndGlobalSection
	GlobalSection(SolutionProperties) = preSolution
		HideSolutionNode = FALSE
	EndGlobalSection
	GlobalSection(ExtensibilityGlobals) = postSolution
		SolutionGuid = {D6B785B1-D61C-4260-9FEA-3CEE328A0DF6}
	EndGlobalSection
EndGlobal
