
Microsoft Visual Studio Solution File, Format Version 12.00
# Visual Studio Version 16
VisualStudioVersion = 16.0.31624.102
MinimumVisualStudioVersion = 10.0.40219.1
Project("{FAE04EC0-301F-11D3-BF4B-00C04F79EFBC}") = "SleepingHairdresser", "SleepingHairdresser\SleepingHairdresser.csproj", "{6BA9C628-C78C-457F-8918-97CDC6D5CE36}"
EndProject
Global
	GlobalSection(SolutionConfigurationPlatforms) = preSolution
		Debug|Any CPU = Debug|Any CPU
		Release|Any CPU = Release|Any CPU
	EndGlobalSection
	GlobalSection(ProjectConfigurationPlatforms) = postSolution
		{6BA9C628-C78C-457F-8918-97CDC6D5CE36}.Debug|Any CPU.ActiveCfg = Debug|Any CPU
		{6BA9C628-C78C-457F-8918-97CDC6D5CE36}.Debug|Any CPU.Build.0 = Debug|Any CPU
		{6BA9C628-C78C-457F-8918-97CDC6D5CE36}.Release|Any CPU.ActiveCfg = Release|Any CPU
		{6BA9C628-C78C-457F-8918-97CDC6D5CE36}.Release|Any CPU.Build.0 = Release|Any CPU
	EndGlobalSection
	GlobalSection(SolutionProperties) = preSolution
		HideSolutionNode = FALSE
	EndGlobalSection
	GlobalSection(ExtensibilityGlobals) = postSolution
		SolutionGuid = {37FDC04A-0B3B-475E-8783-940D0987BF91}
	EndGlobalSection
EndGlobal
