
Microsoft Visual Studio Solution File, Format Version 12.00
# Visual Studio Version 16
VisualStudioVersion = 16.0.31624.102
MinimumVisualStudioVersion = 10.0.40219.1
Project("{FAE04EC0-301F-11D3-BF4B-00C04F79EFBC}") = "ThreeSum", "ThreeSum\ThreeSum.csproj", "{6C0B8600-4D25-4925-A2F6-8916915588C2}"
EndProject
Global
	GlobalSection(SolutionConfigurationPlatforms) = preSolution
		Debug|Any CPU = Debug|Any CPU
		Release|Any CPU = Release|Any CPU
	EndGlobalSection
	GlobalSection(ProjectConfigurationPlatforms) = postSolution
		{6C0B8600-4D25-4925-A2F6-8916915588C2}.Debug|Any CPU.ActiveCfg = Debug|Any CPU
		{6C0B8600-4D25-4925-A2F6-8916915588C2}.Debug|Any CPU.Build.0 = Debug|Any CPU
		{6C0B8600-4D25-4925-A2F6-8916915588C2}.Release|Any CPU.ActiveCfg = Release|Any CPU
		{6C0B8600-4D25-4925-A2F6-8916915588C2}.Release|Any CPU.Build.0 = Release|Any CPU
	EndGlobalSection
	GlobalSection(SolutionProperties) = preSolution
		HideSolutionNode = FALSE
	EndGlobalSection
	GlobalSection(ExtensibilityGlobals) = postSolution
		SolutionGuid = {AEBB2476-C3D1-44ED-8A93-1A467A5358F3}
	EndGlobalSection
EndGlobal
