
Microsoft Visual Studio Solution File, Format Version 12.00
# Visual Studio Version 16
VisualStudioVersion = 16.0.31624.102
MinimumVisualStudioVersion = 10.0.40219.1
Project("{FAE04EC0-301F-11D3-BF4B-00C04F79EFBC}") = "DeadLock", "DeadLock\DeadLock.csproj", "{6CF87808-AF4B-4EBA-B022-6CEB75A7FF51}"
EndProject
Global
	GlobalSection(SolutionConfigurationPlatforms) = preSolution
		Debug|Any CPU = Debug|Any CPU
		Release|Any CPU = Release|Any CPU
	EndGlobalSection
	GlobalSection(ProjectConfigurationPlatforms) = postSolution
		{6CF87808-AF4B-4EBA-B022-6CEB75A7FF51}.Debug|Any CPU.ActiveCfg = Debug|Any CPU
		{6CF87808-AF4B-4EBA-B022-6CEB75A7FF51}.Debug|Any CPU.Build.0 = Debug|Any CPU
		{6CF87808-AF4B-4EBA-B022-6CEB75A7FF51}.Release|Any CPU.ActiveCfg = Release|Any CPU
		{6CF87808-AF4B-4EBA-B022-6CEB75A7FF51}.Release|Any CPU.Build.0 = Release|Any CPU
	EndGlobalSection
	GlobalSection(SolutionProperties) = preSolution
		HideSolutionNode = FALSE
	EndGlobalSection
	GlobalSection(ExtensibilityGlobals) = postSolution
		SolutionGuid = {632DBB38-AF31-4F1B-80A7-7D28B10D8A7A}
	EndGlobalSection
EndGlobal
