
Microsoft Visual Studio Solution File, Format Version 12.00
# Visual Studio Version 16
VisualStudioVersion = 16.0.31624.102
MinimumVisualStudioVersion = 10.0.40219.1
Project("{FAE04EC0-301F-11D3-BF4B-00C04F79EFBC}") = "FrogAndLake", "FrogAndLake\FrogAndLake.csproj", "{4BD73745-6785-44E4-8E01-F4934D61C71D}"
EndProject
Global
	GlobalSection(SolutionConfigurationPlatforms) = preSolution
		Debug|Any CPU = Debug|Any CPU
		Release|Any CPU = Release|Any CPU
	EndGlobalSection
	GlobalSection(ProjectConfigurationPlatforms) = postSolution
		{4BD73745-6785-44E4-8E01-F4934D61C71D}.Debug|Any CPU.ActiveCfg = Debug|Any CPU
		{4BD73745-6785-44E4-8E01-F4934D61C71D}.Debug|Any CPU.Build.0 = Debug|Any CPU
		{4BD73745-6785-44E4-8E01-F4934D61C71D}.Release|Any CPU.ActiveCfg = Release|Any CPU
		{4BD73745-6785-44E4-8E01-F4934D61C71D}.Release|Any CPU.Build.0 = Release|Any CPU
	EndGlobalSection
	GlobalSection(SolutionProperties) = preSolution
		HideSolutionNode = FALSE
	EndGlobalSection
	GlobalSection(ExtensibilityGlobals) = postSolution
		SolutionGuid = {4D156444-ED15-494E-B0CA-ADDA735137E3}
	EndGlobalSection
EndGlobal
