
Microsoft Visual Studio Solution File, Format Version 12.00
# Visual Studio Version 16
VisualStudioVersion = 16.0.31624.102
MinimumVisualStudioVersion = 10.0.40219.1
Project("{FAE04EC0-301F-11D3-BF4B-00C04F79EFBC}") = "Task1", "Task1\Task1.csproj", "{19B9DB5E-A3C7-465B-A216-740336AE2B5F}"
EndProject
Global
	GlobalSection(SolutionConfigurationPlatforms) = preSolution
		Debug|Any CPU = Debug|Any CPU
		Release|Any CPU = Release|Any CPU
	EndGlobalSection
	GlobalSection(ProjectConfigurationPlatforms) = postSolution
		{19B9DB5E-A3C7-465B-A216-740336AE2B5F}.Debug|Any CPU.ActiveCfg = Debug|Any CPU
		{19B9DB5E-A3C7-465B-A216-740336AE2B5F}.Debug|Any CPU.Build.0 = Debug|Any CPU
		{19B9DB5E-A3C7-465B-A216-740336AE2B5F}.Release|Any CPU.ActiveCfg = Release|Any CPU
		{19B9DB5E-A3C7-465B-A216-740336AE2B5F}.Release|Any CPU.Build.0 = Release|Any CPU
	EndGlobalSection
	GlobalSection(SolutionProperties) = preSolution
		HideSolutionNode = FALSE
	EndGlobalSection
	GlobalSection(ExtensibilityGlobals) = postSolution
		SolutionGuid = {78F54EB6-E90B-4941-A392-37B89F1476E7}
	EndGlobalSection
EndGlobal
