
Microsoft Visual Studio Solution File, Format Version 12.00
# Visual Studio Version 16
VisualStudioVersion = 16.0.31624.102
MinimumVisualStudioVersion = 10.0.40219.1
Project("{FAE04EC0-301F-11D3-BF4B-00C04F79EFBC}") = "BearsAndBees", "BearsAndBees\BearsAndBees.csproj", "{CDB36A1D-CEB3-43C0-ADED-0138E912B21D}"
EndProject
Global
	GlobalSection(SolutionConfigurationPlatforms) = preSolution
		Debug|Any CPU = Debug|Any CPU
		Release|Any CPU = Release|Any CPU
	EndGlobalSection
	GlobalSection(ProjectConfigurationPlatforms) = postSolution
		{CDB36A1D-CEB3-43C0-ADED-0138E912B21D}.Debug|Any CPU.ActiveCfg = Debug|Any CPU
		{CDB36A1D-CEB3-43C0-ADED-0138E912B21D}.Debug|Any CPU.Build.0 = Debug|Any CPU
		{CDB36A1D-CEB3-43C0-ADED-0138E912B21D}.Release|Any CPU.ActiveCfg = Release|Any CPU
		{CDB36A1D-CEB3-43C0-ADED-0138E912B21D}.Release|Any CPU.Build.0 = Release|Any CPU
	EndGlobalSection
	GlobalSection(SolutionProperties) = preSolution
		HideSolutionNode = FALSE
	EndGlobalSection
	GlobalSection(ExtensibilityGlobals) = postSolution
		SolutionGuid = {61FC0C12-A931-471A-8C14-735E9E95EC0A}
	EndGlobalSection
EndGlobal
