
Microsoft Visual Studio Solution File, Format Version 12.00
# Visual Studio Version 16
VisualStudioVersion = 16.0.31624.102
MinimumVisualStudioVersion = 10.0.40219.1
Project("{9A19103F-16F7-4668-BE54-9A1E7A4F7556}") = "Hashtable", "Hashtable\Hashtable.csproj", "{9A01619A-AFDB-43FE-B530-D699F5179ED2}"
EndProject
Project("{9A19103F-16F7-4668-BE54-9A1E7A4F7556}") = "RandomPassword", "RandomPassword\RandomPassword.csproj", "{81603132-5F96-4B1C-8D7F-0E2CDCF003B6}"
EndProject
Project("{9A19103F-16F7-4668-BE54-9A1E7A4F7556}") = "Stack", "Stack\Stack.csproj", "{7EAE6E75-D1DD-4BD9-81D3-0CE86F05683F}"
EndProject
Project("{FAE04EC0-301F-11D3-BF4B-00C04F79EFBC}") = "Lab1Tests", "Lab1Tests\Lab1Tests.csproj", "{6BBDA420-782F-4338-B2EB-4476B6D57D18}"
EndProject
Global
	GlobalSection(SolutionConfigurationPlatforms) = preSolution
		Debug|Any CPU = Debug|Any CPU
		Release|Any CPU = Release|Any CPU
	EndGlobalSection
	GlobalSection(ProjectConfigurationPlatforms) = postSolution
		{9A01619A-AFDB-43FE-B530-D699F5179ED2}.Debug|Any CPU.ActiveCfg = Debug|Any CPU
		{9A01619A-AFDB-43FE-B530-D699F5179ED2}.Debug|Any CPU.Build.0 = Debug|Any CPU
		{9A01619A-AFDB-43FE-B530-D699F5179ED2}.Release|Any CPU.ActiveCfg = Release|Any CPU
		{9A01619A-AFDB-43FE-B530-D699F5179ED2}.Release|Any CPU.Build.0 = Release|Any CPU
		{81603132-5F96-4B1C-8D7F-0E2CDCF003B6}.Debug|Any CPU.ActiveCfg = Debug|Any CPU
		{81603132-5F96-4B1C-8D7F-0E2CDCF003B6}.Debug|Any CPU.Build.0 = Debug|Any CPU
		{81603132-5F96-4B1C-8D7F-0E2CDCF003B6}.Release|Any CPU.ActiveCfg = Release|Any CPU
		{81603132-5F96-4B1C-8D7F-0E2CDCF003B6}.Release|Any CPU.Build.0 = Release|Any CPU
		{7EAE6E75-D1DD-4BD9-81D3-0CE86F05683F}.Debug|Any CPU.ActiveCfg = Debug|Any CPU
		{7EAE6E75-D1DD-4BD9-81D3-0CE86F05683F}.Debug|Any CPU.Build.0 = Debug|Any CPU
		{7EAE6E75-D1DD-4BD9-81D3-0CE86F05683F}.Release|Any CPU.ActiveCfg = Release|Any CPU
		{7EAE6E75-D1DD-4BD9-81D3-0CE86F05683F}.Release|Any CPU.Build.0 = Release|Any CPU
		{6BBDA420-782F-4338-B2EB-4476B6D57D18}.Debug|Any CPU.ActiveCfg = Debug|Any CPU
		{6BBDA420-782F-4338-B2EB-4476B6D57D18}.Debug|Any CPU.Build.0 = Debug|Any CPU
		{6BBDA420-782F-4338-B2EB-4476B6D57D18}.Release|Any CPU.ActiveCfg = Release|Any CPU
		{6BBDA420-782F-4338-B2EB-4476B6D57D18}.Release|Any CPU.Build.0 = Release|Any CPU
	EndGlobalSection
	GlobalSection(SolutionProperties) = preSolution
		HideSolutionNode = FALSE
	EndGlobalSection
	GlobalSection(ExtensibilityGlobals) = postSolution
		SolutionGuid = {71389263-25B3-46C2-829F-BDBD1DBDC6CC}
	EndGlobalSection
EndGlobal
