
Microsoft Visual Studio Solution File, Format Version 12.00
# Visual Studio Version 16
VisualStudioVersion = 16.0.31624.102
MinimumVisualStudioVersion = 10.0.40219.1
Project("{FAE04EC0-301F-11D3-BF4B-00C04F79EFBC}") = "ExpressFactors", "ExpressFactors\ExpressFactors.csproj", "{A57ACCC7-1DFF-447C-939E-0C35944B29BD}"
EndProject
Global
	GlobalSection(SolutionConfigurationPlatforms) = preSolution
		Debug|Any CPU = Debug|Any CPU
		Release|Any CPU = Release|Any CPU
	EndGlobalSection
	GlobalSection(ProjectConfigurationPlatforms) = postSolution
		{A57ACCC7-1DFF-447C-939E-0C35944B29BD}.Debug|Any CPU.ActiveCfg = Debug|Any CPU
		{A57ACCC7-1DFF-447C-939E-0C35944B29BD}.Debug|Any CPU.Build.0 = Debug|Any CPU
		{A57ACCC7-1DFF-447C-939E-0C35944B29BD}.Release|Any CPU.ActiveCfg = Release|Any CPU
		{A57ACCC7-1DFF-447C-939E-0C35944B29BD}.Release|Any CPU.Build.0 = Release|Any CPU
	EndGlobalSection
	GlobalSection(SolutionProperties) = preSolution
		HideSolutionNode = FALSE
	EndGlobalSection
	GlobalSection(ExtensibilityGlobals) = postSolution
		SolutionGuid = {2EDF2820-D8A4-46B4-85EB-D7751F975C93}
	EndGlobalSection
EndGlobal
