
Microsoft Visual Studio Solution File, Format Version 12.00
# Visual Studio Version 16
VisualStudioVersion = 16.0.31624.102
MinimumVisualStudioVersion = 10.0.40219.1
Project("{FAE04EC0-301F-11D3-BF4B-00C04F79EFBC}") = "MaxyMinny", "MaxyMinny\MaxyMinny.csproj", "{F60BAD01-8C2B-49B8-9EDA-8DFD9704449C}"
EndProject
Global
	GlobalSection(SolutionConfigurationPlatforms) = preSolution
		Debug|Any CPU = Debug|Any CPU
		Release|Any CPU = Release|Any CPU
	EndGlobalSection
	GlobalSection(ProjectConfigurationPlatforms) = postSolution
		{F60BAD01-8C2B-49B8-9EDA-8DFD9704449C}.Debug|Any CPU.ActiveCfg = Debug|Any CPU
		{F60BAD01-8C2B-49B8-9EDA-8DFD9704449C}.Debug|Any CPU.Build.0 = Debug|Any CPU
		{F60BAD01-8C2B-49B8-9EDA-8DFD9704449C}.Release|Any CPU.ActiveCfg = Release|Any CPU
		{F60BAD01-8C2B-49B8-9EDA-8DFD9704449C}.Release|Any CPU.Build.0 = Release|Any CPU
	EndGlobalSection
	GlobalSection(SolutionProperties) = preSolution
		HideSolutionNode = FALSE
	EndGlobalSection
	GlobalSection(ExtensibilityGlobals) = postSolution
		SolutionGuid = {74DD1608-3415-406F-A28C-FC9B8BE8379A}
	EndGlobalSection
EndGlobal
