
Microsoft Visual Studio Solution File, Format Version 12.00
# Visual Studio Version 16
VisualStudioVersion = 16.0.31624.102
MinimumVisualStudioVersion = 10.0.40219.1
Project("{FAE04EC0-301F-11D3-BF4B-00C04F79EFBC}") = "Task1", "Task1\Task1.csproj", "{7B8E7000-D565-4BA1-825E-74D4340EE9D4}"
EndProject
Global
	GlobalSection(SolutionConfigurationPlatforms) = preSolution
		Debug|Any CPU = Debug|Any CPU
		Release|Any CPU = Release|Any CPU
	EndGlobalSection
	GlobalSection(ProjectConfigurationPlatforms) = postSolution
		{7B8E7000-D565-4BA1-825E-74D4340EE9D4}.Debug|Any CPU.ActiveCfg = Debug|Any CPU
		{7B8E7000-D565-4BA1-825E-74D4340EE9D4}.Debug|Any CPU.Build.0 = Debug|Any CPU
		{7B8E7000-D565-4BA1-825E-74D4340EE9D4}.Release|Any CPU.ActiveCfg = Release|Any CPU
		{7B8E7000-D565-4BA1-825E-74D4340EE9D4}.Release|Any CPU.Build.0 = Release|Any CPU
	EndGlobalSection
	GlobalSection(SolutionProperties) = preSolution
		HideSolutionNode = FALSE
	EndGlobalSection
	GlobalSection(ExtensibilityGlobals) = postSolution
		SolutionGuid = {16F5042A-78B9-44AB-8046-7DC250367502}
	EndGlobalSection
EndGlobal
