
Microsoft Visual Studio Solution File, Format Version 12.00
# Visual Studio Version 16
VisualStudioVersion = 16.0.31624.102
MinimumVisualStudioVersion = 10.0.40219.1
Project("{FAE04EC0-301F-11D3-BF4B-00C04F79EFBC}") = "Simplifier", "Simplifier\Simplifier.csproj", "{E8E623A1-E0B5-40A7-B19A-251B51687126}"
EndProject
Project("{FAE04EC0-301F-11D3-BF4B-00C04F79EFBC}") = "PalindromeSequence", "..\PalindromeSequence\PalindromeSequence.csproj", "{C93B2A7D-0435-4024-A098-14E7D62EC629}"
EndProject
Global
	GlobalSection(SolutionConfigurationPlatforms) = preSolution
		Debug|Any CPU = Debug|Any CPU
		Release|Any CPU = Release|Any CPU
	EndGlobalSection
	GlobalSection(ProjectConfigurationPlatforms) = postSolution
		{E8E623A1-E0B5-40A7-B19A-251B51687126}.Debug|Any CPU.ActiveCfg = Debug|Any CPU
		{E8E623A1-E0B5-40A7-B19A-251B51687126}.Debug|Any CPU.Build.0 = Debug|Any CPU
		{E8E623A1-E0B5-40A7-B19A-251B51687126}.Release|Any CPU.ActiveCfg = Release|Any CPU
		{E8E623A1-E0B5-40A7-B19A-251B51687126}.Release|Any CPU.Build.0 = Release|Any CPU
		{C93B2A7D-0435-4024-A098-14E7D62EC629}.Debug|Any CPU.ActiveCfg = Debug|Any CPU
		{C93B2A7D-0435-4024-A098-14E7D62EC629}.Debug|Any CPU.Build.0 = Debug|Any CPU
		{C93B2A7D-0435-4024-A098-14E7D62EC629}.Release|Any CPU.ActiveCfg = Release|Any CPU
		{C93B2A7D-0435-4024-A098-14E7D62EC629}.Release|Any CPU.Build.0 = Release|Any CPU
	EndGlobalSection
	GlobalSection(SolutionProperties) = preSolution
		HideSolutionNode = FALSE
	EndGlobalSection
	GlobalSection(ExtensibilityGlobals) = postSolution
		SolutionGuid = {F232302F-135E-435E-9B8B-4B84E480CD99}
	EndGlobalSection
EndGlobal
