
Microsoft Visual Studio Solution File, Format Version 12.00
# Visual Studio Version 16
VisualStudioVersion = 16.0.31624.102
MinimumVisualStudioVersion = 10.0.40219.1
Project("{FAE04EC0-301F-11D3-BF4B-00C04F79EFBC}") = "customLinkedList", "customLinkedList\customLinkedList.csproj", "{C9D07370-71D2-4F52-A8DA-A00D9D2ACF44}"
EndProject
Project("{FAE04EC0-301F-11D3-BF4B-00C04F79EFBC}") = "LinkedListTests", "LinkedListTests\LinkedListTests.csproj", "{FEF36638-32F7-47F5-B560-83AC3329737F}"
EndProject
Global
	GlobalSection(SolutionConfigurationPlatforms) = preSolution
		Debug|Any CPU = Debug|Any CPU
		Release|Any CPU = Release|Any CPU
	EndGlobalSection
	GlobalSection(ProjectConfigurationPlatforms) = postSolution
		{C9D07370-71D2-4F52-A8DA-A00D9D2ACF44}.Debug|Any CPU.ActiveCfg = Debug|Any CPU
		{C9D07370-71D2-4F52-A8DA-A00D9D2ACF44}.Debug|Any CPU.Build.0 = Debug|Any CPU
		{C9D07370-71D2-4F52-A8DA-A00D9D2ACF44}.Release|Any CPU.ActiveCfg = Release|Any CPU
		{C9D07370-71D2-4F52-A8DA-A00D9D2ACF44}.Release|Any CPU.Build.0 = Release|Any CPU
		{FEF36638-32F7-47F5-B560-83AC3329737F}.Debug|Any CPU.ActiveCfg = Debug|Any CPU
		{FEF36638-32F7-47F5-B560-83AC3329737F}.Debug|Any CPU.Build.0 = Debug|Any CPU
		{FEF36638-32F7-47F5-B560-83AC3329737F}.Release|Any CPU.ActiveCfg = Release|Any CPU
		{FEF36638-32F7-47F5-B560-83AC3329737F}.Release|Any CPU.Build.0 = Release|Any CPU
	EndGlobalSection
	GlobalSection(SolutionProperties) = preSolution
		HideSolutionNode = FALSE
	EndGlobalSection
	GlobalSection(ExtensibilityGlobals) = postSolution
		SolutionGuid = {C5A23B23-7487-48BB-BDFC-9D9818D48163}
	EndGlobalSection
EndGlobal
