
Microsoft Visual Studio Solution File, Format Version 12.00
# Visual Studio Version 16
VisualStudioVersion = 16.0.31624.102
MinimumVisualStudioVersion = 10.0.40219.1
Project("{FAE04EC0-301F-11D3-BF4B-00C04F79EFBC}") = "SerializeString", "SerializeString\SerializeString.csproj", "{03266CC7-58C9-44A3-B4CB-4C7100E1B115}"
EndProject
Global
	GlobalSection(SolutionConfigurationPlatforms) = preSolution
		Debug|Any CPU = Debug|Any CPU
		Release|Any CPU = Release|Any CPU
	EndGlobalSection
	GlobalSection(ProjectConfigurationPlatforms) = postSolution
		{03266CC7-58C9-44A3-B4CB-4C7100E1B115}.Debug|Any CPU.ActiveCfg = Debug|Any CPU
		{03266CC7-58C9-44A3-B4CB-4C7100E1B115}.Debug|Any CPU.Build.0 = Debug|Any CPU
		{03266CC7-58C9-44A3-B4CB-4C7100E1B115}.Release|Any CPU.ActiveCfg = Release|Any CPU
		{03266CC7-58C9-44A3-B4CB-4C7100E1B115}.Release|Any CPU.Build.0 = Release|Any CPU
	EndGlobalSection
	GlobalSection(SolutionProperties) = preSolution
		HideSolutionNode = FALSE
	EndGlobalSection
	GlobalSection(ExtensibilityGlobals) = postSolution
		SolutionGuid = {6192A368-2ED3-4FEC-A0EA-0489006F04B2}
	EndGlobalSection
EndGlobal
