
Microsoft Visual Studio Solution File, Format Version 12.00
# Visual Studio Version 16
VisualStudioVersion = 16.0.31624.102
MinimumVisualStudioVersion = 10.0.40219.1
Project("{FAE04EC0-301F-11D3-BF4B-00C04F79EFBC}") = "Task4", "Task4\Task4.csproj", "{6150C1EC-38CD-4E39-AC67-DD1A1991F014}"
EndProject
Global
	GlobalSection(SolutionConfigurationPlatforms) = preSolution
		Debug|Any CPU = Debug|Any CPU
		Release|Any CPU = Release|Any CPU
	EndGlobalSection
	GlobalSection(ProjectConfigurationPlatforms) = postSolution
		{6150C1EC-38CD-4E39-AC67-DD1A1991F014}.Debug|Any CPU.ActiveCfg = Debug|Any CPU
		{6150C1EC-38CD-4E39-AC67-DD1A1991F014}.Debug|Any CPU.Build.0 = Debug|Any CPU
		{6150C1EC-38CD-4E39-AC67-DD1A1991F014}.Release|Any CPU.ActiveCfg = Release|Any CPU
		{6150C1EC-38CD-4E39-AC67-DD1A1991F014}.Release|Any CPU.Build.0 = Release|Any CPU
	EndGlobalSection
	GlobalSection(SolutionProperties) = preSolution
		HideSolutionNode = FALSE
	EndGlobalSection
	GlobalSection(ExtensibilityGlobals) = postSolution
		SolutionGuid = {5DEC36BF-FA58-4851-B9C6-9FF3436C8BFC}
	EndGlobalSection
EndGlobal
