
Microsoft Visual Studio Solution File, Format Version 12.00
# Visual Studio Version 16
VisualStudioVersion = 16.0.31624.102
MinimumVisualStudioVersion = 10.0.40219.1
Project("{FAE04EC0-301F-11D3-BF4B-00C04F79EFBC}") = "PrintInOrder", "PrintInOrder\PrintInOrder.csproj", "{9DCBFE98-274D-4E38-BBA7-82134938E773}"
EndProject
Global
	GlobalSection(SolutionConfigurationPlatforms) = preSolution
		Debug|Any CPU = Debug|Any CPU
		Release|Any CPU = Release|Any CPU
	EndGlobalSection
	GlobalSection(ProjectConfigurationPlatforms) = postSolution
		{9DCBFE98-274D-4E38-BBA7-82134938E773}.Debug|Any CPU.ActiveCfg = Debug|Any CPU
		{9DCBFE98-274D-4E38-BBA7-82134938E773}.Debug|Any CPU.Build.0 = Debug|Any CPU
		{9DCBFE98-274D-4E38-BBA7-82134938E773}.Release|Any CPU.ActiveCfg = Release|Any CPU
		{9DCBFE98-274D-4E38-BBA7-82134938E773}.Release|Any CPU.Build.0 = Release|Any CPU
	EndGlobalSection
	GlobalSection(SolutionProperties) = preSolution
		HideSolutionNode = FALSE
	EndGlobalSection
	GlobalSection(ExtensibilityGlobals) = postSolution
		SolutionGuid = {90638792-9D4C-4F13-8278-CF0C8761F700}
	EndGlobalSection
EndGlobal
