
Microsoft Visual Studio Solution File, Format Version 12.00
# Visual Studio Version 16
VisualStudioVersion = 16.0.31624.102
MinimumVisualStudioVersion = 10.0.40219.1
Project("{FAE04EC0-301F-11D3-BF4B-00C04F79EFBC}") = "RaceCondition", "RaceCondition\RaceCondition.csproj", "{8014DE3E-F248-4A6F-8CA4-C86097BE98FE}"
EndProject
Global
	GlobalSection(SolutionConfigurationPlatforms) = preSolution
		Debug|Any CPU = Debug|Any CPU
		Release|Any CPU = Release|Any CPU
	EndGlobalSection
	GlobalSection(ProjectConfigurationPlatforms) = postSolution
		{8014DE3E-F248-4A6F-8CA4-C86097BE98FE}.Debug|Any CPU.ActiveCfg = Debug|Any CPU
		{8014DE3E-F248-4A6F-8CA4-C86097BE98FE}.Debug|Any CPU.Build.0 = Debug|Any CPU
		{8014DE3E-F248-4A6F-8CA4-C86097BE98FE}.Release|Any CPU.ActiveCfg = Release|Any CPU
		{8014DE3E-F248-4A6F-8CA4-C86097BE98FE}.Release|Any CPU.Build.0 = Release|Any CPU
	EndGlobalSection
	GlobalSection(SolutionProperties) = preSolution
		HideSolutionNode = FALSE
	EndGlobalSection
	GlobalSection(ExtensibilityGlobals) = postSolution
		SolutionGuid = {2752A016-CD92-46B1-8023-38B6C2BCB33E}
	EndGlobalSection
EndGlobal
