
Microsoft Visual Studio Solution File, Format Version 12.00
# Visual Studio Version 16
VisualStudioVersion = 16.0.31624.102
MinimumVisualStudioVersion = 10.0.40219.1
Project("{FAE04EC0-301F-11D3-BF4B-00C04F79EFBC}") = "Allergies", "Allergies\Allergies.csproj", "{8596D70F-7C6E-4105-8091-FC64FF9BBDB2}"
EndProject
Global
	GlobalSection(SolutionConfigurationPlatforms) = preSolution
		Debug|Any CPU = Debug|Any CPU
		Release|Any CPU = Release|Any CPU
	EndGlobalSection
	GlobalSection(ProjectConfigurationPlatforms) = postSolution
		{8596D70F-7C6E-4105-8091-FC64FF9BBDB2}.Debug|Any CPU.ActiveCfg = Debug|Any CPU
		{8596D70F-7C6E-4105-8091-FC64FF9BBDB2}.Debug|Any CPU.Build.0 = Debug|Any CPU
		{8596D70F-7C6E-4105-8091-FC64FF9BBDB2}.Release|Any CPU.ActiveCfg = Release|Any CPU
		{8596D70F-7C6E-4105-8091-FC64FF9BBDB2}.Release|Any CPU.Build.0 = Release|Any CPU
	EndGlobalSection
	GlobalSection(SolutionProperties) = preSolution
		HideSolutionNode = FALSE
	EndGlobalSection
	GlobalSection(ExtensibilityGlobals) = postSolution
		SolutionGuid = {87CC2A11-F6A2-4975-8C58-74793F67C7AA}
	EndGlobalSection
EndGlobal
